Microsoft Visual Studio Solution File, Format Version 12.00
# Visual Studio Version 17
VisualStudioVersion = 17.5.2.0
MinimumVisualStudioVersion = 10.0.40219.1
Project("{FAE04EC0-301F-11D3-BF4B-00C04F79EFBC}") = "Qns", "May 19, 2025\Qns.csproj", "{AE6434CC-5941-A448-900E-65379F0AE5AD}"
EndProject
Project("{2150E333-8FDC-42A3-9474-1A3956D46DE8}") = "May 21, 2025", "May 21, 2025", "{34697D04-4338-F7E4-C735-2DD38246A175}"
EndProject
Project("{2150E333-8FDC-42A3-9474-1A3956D46DE8}") = "May 27, 2025", "May 27, 2025", "{B6DC2673-6E83-6766-F8DF-D8B27F953673}"
EndProject
Project("{2150E333-8FDC-42A3-9474-1A3956D46DE8}") = "May 26, 2025", "May 26, 2025", "{A2427631-23CC-887E-EBCB-A218638DDD46}"
EndProject
Project("{2150E333-8FDC-42A3-9474-1A3956D46DE8}") = "May 28, 2025", "May 28, 2025", "{E1FE040A-8C1B-4949-DF0A-F4BC50C84316}"
EndProject
Project("{2150E333-8FDC-42A3-9474-1A3956D46DE8}") = "Jun 03, 2025", "Jun 03, 2025", "{2AB66451-78CF-B6E9-F41A-C5748FBF940D}"
EndProject
Project("{2150E333-8FDC-42A3-9474-1A3956D46DE8}") = "Jun 05, 2025", "Jun 05, 2025", "{29F4BB0C-D95E-14A7-766B-5B89C98C491A}"
EndProject
Project("{2150E333-8FDC-42A3-9474-1A3956D46DE8}") = "Jun 02, 2025", "Jun 02, 2025", "{DD3EE653-2CFD-F3F5-E8E0-577DCC3A9BFB}"
EndProject
Project("{2150E333-8FDC-42A3-9474-1A3956D46DE8}") = "May 29, 2025", "May 29, 2025", "{3B32DF4C-B2AC-B64A-4433-D8465E78DE98}"
EndProject
Project("{2150E333-8FDC-42A3-9474-1A3956D46DE8}") = "May 30,2025", "May 30,2025", "{2FC76B3C-C2B2-311B-E995-259E396B9CCE}"
EndProject
Project("{2150E333-8FDC-42A3-9474-1A3956D46DE8}") = "Jun 04, 2025", "Jun 04, 2025", "{BCA60767-F19B-74CD-B58C-80333DD488D8}"
EndProject
Project("{2150E333-8FDC-42A3-9474-1A3956D46DE8}") = "Jun 06, 2025", "Jun 06, 2025", "{A1906B8F-F1C5-AE85-2193-7D3255236DE6}"
EndProject
Project("{FAE04EC0-301F-11D3-BF4B-00C04F79EFBC}") = "MyApp", "May 21, 2025\MyApp\MyApp.csproj", "{8EC720AC-DC41-25CC-11F8-30ABE3649399}"
EndProject
Project("{FAE04EC0-301F-11D3-BF4B-00C04F79EFBC}") = "AppointmentApp", "May 21, 2025\AppointmentApp\AppointmentApp.csproj", "{63443A28-5850-B01E-E61F-7B57B8FB44EE}"
EndProject
Project("{FAE04EC0-301F-11D3-BF4B-00C04F79EFBC}") = "Twitter", "May 27, 2025\Twitter\Twitter.csproj", "{830F8397-06EC-0FB5-BA8F-CE0D6296DA18}"
EndProject
Project("{FAE04EC0-301F-11D3-BF4B-00C04F79EFBC}") = "FirstAPI", "May 27, 2025\FirstAPI\FirstAPI.csproj", "{E3850ABE-F772-BB4C-6A35-64C569F14260}"
EndProject
Project("{FAE04EC0-301F-11D3-BF4B-00C04F79EFBC}") = "FirstAPI", "May 26, 2025\FirstAPI\FirstAPI.csproj", "{BB44B090-8DE1-1147-9858-AFF21583DF84}"
EndProject
Project("{FAE04EC0-301F-11D3-BF4B-00C04F79EFBC}") = "FirstAPI", "May 28, 2025\FirstAPI\FirstAPI.csproj", "{56BE5A5B-252D-F930-A37E-2460A02CFA8D}"
EndProject
Project("{FAE04EC0-301F-11D3-BF4B-00C04F79EFBC}") = "FirstAPI", "Jun 03, 2025\FirstAPI\FirstAPI.csproj", "{8EF9450E-E91B-88AE-EBF4-8675B1F75DC8}"
EndProject
Project("{FAE04EC0-301F-11D3-BF4B-00C04F79EFBC}") = "FirstAPI.Test", "Jun 03, 2025\FirstAPI.Test\FirstAPI.Test.csproj", "{0C898A79-6A66-681F-3E96-8E1B97791405}"
EndProject
Project("{FAE04EC0-301F-11D3-BF4B-00C04F79EFBC}") = "FirstAPI", "Jun 05, 2025\FirstAPI\FirstAPI.csproj", "{F91808F6-3357-1B69-C8CA-ADA6FE103690}"
EndProject
Project("{FAE04EC0-301F-11D3-BF4B-00C04F79EFBC}") = "DocumentSharing", "Jun 05, 2025\DocumentSharing\DocumentSharing.csproj", "{2F038D76-762D-D379-F5C6-EC7F46302CB0}"
EndProject
Project("{FAE04EC0-301F-11D3-BF4B-00C04F79EFBC}") = "FirstAPI", "Jun 02, 2025\FirstAPI\FirstAPI.csproj", "{DCD1B391-5C64-7C27-A312-99C20DD5173B}"
EndProject
Project("{FAE04EC0-301F-11D3-BF4B-00C04F79EFBC}") = "FirstAPI", "May 29, 2025\FirstAPI\FirstAPI.csproj", "{686849D6-0966-98F6-8A16-8540D47755E3}"
EndProject
Project("{FAE04EC0-301F-11D3-BF4B-00C04F79EFBC}") = "BankAPI", "May 29, 2025\BankAPI\BankAPI.csproj", "{84791302-FF3A-7CE7-206D-04ED17B7EB88}"
EndProject
Project("{FAE04EC0-301F-11D3-BF4B-00C04F79EFBC}") = "ChatAI", "May 30,2025\ChatAI\ChatAI.csproj", "{1F31B0F2-E8B2-4452-3E47-D46EB326E4F0}"
EndProject
Project("{FAE04EC0-301F-11D3-BF4B-00C04F79EFBC}") = "FirstAPI", "Jun 04, 2025\FirstAPI\FirstAPI.csproj", "{202C5E5D-F241-9A25-7FBC-494EBEF4D9A6}"
EndProject
Project("{FAE04EC0-301F-11D3-BF4B-00C04F79EFBC}") = "FirstAPI.Test", "Jun 04, 2025\FirstAPI.Test\FirstAPI.Test.csproj", "{3ED2CA56-F0B6-356D-FDED-FB345BE114A3}"
EndProject
Project("{FAE04EC0-301F-11D3-BF4B-00C04F79EFBC}") = "JobPortalAPI", "Jun 06, 2025\JobPortalAPI\JobPortalAPI.csproj", "{1B96F892-82C9-1DDF-AA5C-29092F83E753}"
EndProject
Project("{FAE04EC0-301F-11D3-BF4B-00C04F79EFBC}") = "JobPortalAPI.Test", "Jun 06, 2025\JobPortalAPI.Test\JobPortalAPI.Test.csproj", "{29C28E36-9373-C9F4-607F-913608EBC243}"
EndProject
Global
	GlobalSection(SolutionConfigurationPlatforms) = preSolution
		Debug|Any CPU = Debug|Any CPU
		Release|Any CPU = Release|Any CPU
	EndGlobalSection
	GlobalSection(ProjectConfigurationPlatforms) = postSolution
		{AE6434CC-5941-A448-900E-65379F0AE5AD}.Debug|Any CPU.ActiveCfg = Debug|Any CPU
		{AE6434CC-5941-A448-900E-65379F0AE5AD}.Debug|Any CPU.Build.0 = Debug|Any CPU
		{AE6434CC-5941-A448-900E-65379F0AE5AD}.Release|Any CPU.ActiveCfg = Release|Any CPU
		{AE6434CC-5941-A448-900E-65379F0AE5AD}.Release|Any CPU.Build.0 = Release|Any CPU
		{8EC720AC-DC41-25CC-11F8-30ABE3649399}.Debug|Any CPU.ActiveCfg = Debug|Any CPU
		{8EC720AC-DC41-25CC-11F8-30ABE3649399}.Debug|Any CPU.Build.0 = Debug|Any CPU
		{8EC720AC-DC41-25CC-11F8-30ABE3649399}.Release|Any CPU.ActiveCfg = Release|Any CPU
		{8EC720AC-DC41-25CC-11F8-30ABE3649399}.Release|Any CPU.Build.0 = Release|Any CPU
		{63443A28-5850-B01E-E61F-7B57B8FB44EE}.Debug|Any CPU.ActiveCfg = Debug|Any CPU
		{63443A28-5850-B01E-E61F-7B57B8FB44EE}.Debug|Any CPU.Build.0 = Debug|Any CPU
		{63443A28-5850-B01E-E61F-7B57B8FB44EE}.Release|Any CPU.ActiveCfg = Release|Any CPU
		{63443A28-5850-B01E-E61F-7B57B8FB44EE}.Release|Any CPU.Build.0 = Release|Any CPU
		{830F8397-06EC-0FB5-BA8F-CE0D6296DA18}.Debug|Any CPU.ActiveCfg = Debug|Any CPU
		{830F8397-06EC-0FB5-BA8F-CE0D6296DA18}.Debug|Any CPU.Build.0 = Debug|Any CPU
		{830F8397-06EC-0FB5-BA8F-CE0D6296DA18}.Release|Any CPU.ActiveCfg = Release|Any CPU
		{830F8397-06EC-0FB5-BA8F-CE0D6296DA18}.Release|Any CPU.Build.0 = Release|Any CPU
		{E3850ABE-F772-BB4C-6A35-64C569F14260}.Debug|Any CPU.ActiveCfg = Debug|Any CPU
		{E3850ABE-F772-BB4C-6A35-64C569F14260}.Debug|Any CPU.Build.0 = Debug|Any CPU
		{E3850ABE-F772-BB4C-6A35-64C569F14260}.Release|Any CPU.ActiveCfg = Release|Any CPU
		{E3850ABE-F772-BB4C-6A35-64C569F14260}.Release|Any CPU.Build.0 = Release|Any CPU
		{BB44B090-8DE1-1147-9858-AFF21583DF84}.Debug|Any CPU.ActiveCfg = Debug|Any CPU
		{BB44B090-8DE1-1147-9858-AFF21583DF84}.Debug|Any CPU.Build.0 = Debug|Any CPU
		{BB44B090-8DE1-1147-9858-AFF21583DF84}.Release|Any CPU.ActiveCfg = Release|Any CPU
		{BB44B090-8DE1-1147-9858-AFF21583DF84}.Release|Any CPU.Build.0 = Release|Any CPU
		{56BE5A5B-252D-F930-A37E-2460A02CFA8D}.Debug|Any CPU.ActiveCfg = Debug|Any CPU
		{56BE5A5B-252D-F930-A37E-2460A02CFA8D}.Debug|Any CPU.Build.0 = Debug|Any CPU
		{56BE5A5B-252D-F930-A37E-2460A02CFA8D}.Release|Any CPU.ActiveCfg = Release|Any CPU
		{56BE5A5B-252D-F930-A37E-2460A02CFA8D}.Release|Any CPU.Build.0 = Release|Any CPU
		{8EF9450E-E91B-88AE-EBF4-8675B1F75DC8}.Debug|Any CPU.ActiveCfg = Debug|Any CPU
		{8EF9450E-E91B-88AE-EBF4-8675B1F75DC8}.Debug|Any CPU.Build.0 = Debug|Any CPU
		{8EF9450E-E91B-88AE-EBF4-8675B1F75DC8}.Release|Any CPU.ActiveCfg = Release|Any CPU
		{8EF9450E-E91B-88AE-EBF4-8675B1F75DC8}.Release|Any CPU.Build.0 = Release|Any CPU
		{0C898A79-6A66-681F-3E96-8E1B97791405}.Debug|Any CPU.ActiveCfg = Debug|Any CPU
		{0C898A79-6A66-681F-3E96-8E1B97791405}.Debug|Any CPU.Build.0 = Debug|Any CPU
		{0C898A79-6A66-681F-3E96-8E1B97791405}.Release|Any CPU.ActiveCfg = Release|Any CPU
		{0C898A79-6A66-681F-3E96-8E1B97791405}.Release|Any CPU.Build.0 = Release|Any CPU
		{F91808F6-3357-1B69-C8CA-ADA6FE103690}.Debug|Any CPU.ActiveCfg = Debug|Any CPU
		{F91808F6-3357-1B69-C8CA-ADA6FE103690}.Debug|Any CPU.Build.0 = Debug|Any CPU
		{F91808F6-3357-1B69-C8CA-ADA6FE103690}.Release|Any CPU.ActiveCfg = Release|Any CPU
		{F91808F6-3357-1B69-C8CA-ADA6FE103690}.Release|Any CPU.Build.0 = Release|Any CPU
		{2F038D76-762D-D379-F5C6-EC7F46302CB0}.Debug|Any CPU.ActiveCfg = Debug|Any CPU
		{2F038D76-762D-D379-F5C6-EC7F46302CB0}.Debug|Any CPU.Build.0 = Debug|Any CPU
		{2F038D76-762D-D379-F5C6-EC7F46302CB0}.Release|Any CPU.ActiveCfg = Release|Any CPU
		{2F038D76-762D-D379-F5C6-EC7F46302CB0}.Release|Any CPU.Build.0 = Release|Any CPU
		{DCD1B391-5C64-7C27-A312-99C20DD5173B}.Debug|Any CPU.ActiveCfg = Debug|Any CPU
		{DCD1B391-5C64-7C27-A312-99C20DD5173B}.Debug|Any CPU.Build.0 = Debug|Any CPU
		{DCD1B391-5C64-7C27-A312-99C20DD5173B}.Release|Any CPU.ActiveCfg = Release|Any CPU
		{DCD1B391-5C64-7C27-A312-99C20DD5173B}.Release|Any CPU.Build.0 = Release|Any CPU
		{686849D6-0966-98F6-8A16-8540D47755E3}.Debug|Any CPU.ActiveCfg = Debug|Any CPU
		{686849D6-0966-98F6-8A16-8540D47755E3}.Debug|Any CPU.Build.0 = Debug|Any CPU
		{686849D6-0966-98F6-8A16-8540D47755E3}.Release|Any CPU.ActiveCfg = Release|Any CPU
		{686849D6-0966-98F6-8A16-8540D47755E3}.Release|Any CPU.Build.0 = Release|Any CPU
		{84791302-FF3A-7CE7-206D-04ED17B7EB88}.Debug|Any CPU.ActiveCfg = Debug|Any CPU
		{84791302-FF3A-7CE7-206D-04ED17B7EB88}.Debug|Any CPU.Build.0 = Debug|Any CPU
		{84791302-FF3A-7CE7-206D-04ED17B7EB88}.Release|Any CPU.ActiveCfg = Release|Any CPU
		{84791302-FF3A-7CE7-206D-04ED17B7EB88}.Release|Any CPU.Build.0 = Release|Any CPU
		{1F31B0F2-E8B2-4452-3E47-D46EB326E4F0}.Debug|Any CPU.ActiveCfg = Debug|Any CPU
		{1F31B0F2-E8B2-4452-3E47-D46EB326E4F0}.Debug|Any CPU.Build.0 = Debug|Any CPU
		{1F31B0F2-E8B2-4452-3E47-D46EB326E4F0}.Release|Any CPU.ActiveCfg = Release|Any CPU
		{1F31B0F2-E8B2-4452-3E47-D46EB326E4F0}.Release|Any CPU.Build.0 = Release|Any CPU
		{202C5E5D-F241-9A25-7FBC-494EBEF4D9A6}.Debug|Any CPU.ActiveCfg = Debug|Any CPU
		{202C5E5D-F241-9A25-7FBC-494EBEF4D9A6}.Debug|Any CPU.Build.0 = Debug|Any CPU
		{202C5E5D-F241-9A25-7FBC-494EBEF4D9A6}.Release|Any CPU.ActiveCfg = Release|Any CPU
		{202C5E5D-F241-9A25-7FBC-494EBEF4D9A6}.Release|Any CPU.Build.0 = Release|Any CPU
		{3ED2CA56-F0B6-356D-FDED-FB345BE114A3}.Debug|Any CPU.ActiveCfg = Debug|Any CPU
		{3ED2CA56-F0B6-356D-FDED-FB345BE114A3}.Debug|Any CPU.Build.0 = Debug|Any CPU
		{3ED2CA56-F0B6-356D-FDED-FB345BE114A3}.Release|Any CPU.ActiveCfg = Release|Any CPU
		{3ED2CA56-F0B6-356D-FDED-FB345BE114A3}.Release|Any CPU.Build.0 = Release|Any CPU
		{1B96F892-82C9-1DDF-AA5C-29092F83E753}.Debug|Any CPU.ActiveCfg = Debug|Any CPU
		{1B96F892-82C9-1DDF-AA5C-29092F83E753}.Debug|Any CPU.Build.0 = Debug|Any CPU
		{1B96F892-82C9-1DDF-AA5C-29092F83E753}.Release|Any CPU.ActiveCfg = Release|Any CPU
		{1B96F892-82C9-1DDF-AA5C-29092F83E753}.Release|Any CPU.Build.0 = Release|Any CPU
		{29C28E36-9373-C9F4-607F-913608EBC243}.Debug|Any CPU.ActiveCfg = Debug|Any CPU
		{29C28E36-9373-C9F4-607F-913608EBC243}.Debug|Any CPU.Build.0 = Debug|Any CPU
		{29C28E36-9373-C9F4-607F-913608EBC243}.Release|Any CPU.ActiveCfg = Release|Any CPU
		{29C28E36-9373-C9F4-607F-913608EBC243}.Release|Any CPU.Build.0 = Release|Any CPU
	EndGlobalSection
	GlobalSection(SolutionProperties) = preSolution
		HideSolutionNode = FALSE
	EndGlobalSection
	GlobalSection(NestedProjects) = preSolution
		{8EC720AC-DC41-25CC-11F8-30ABE3649399} = {34697D04-4338-F7E4-C735-2DD38246A175}
		{63443A28-5850-B01E-E61F-7B57B8FB44EE} = {34697D04-4338-F7E4-C735-2DD38246A175}
		{830F8397-06EC-0FB5-BA8F-CE0D6296DA18} = {B6DC2673-6E83-6766-F8DF-D8B27F953673}
		{E3850ABE-F772-BB4C-6A35-64C569F14260} = {B6DC2673-6E83-6766-F8DF-D8B27F953673}
		{BB44B090-8DE1-1147-9858-AFF21583DF84} = {A2427631-23CC-887E-EBCB-A218638DDD46}
		{56BE5A5B-252D-F930-A37E-2460A02CFA8D} = {E1FE040A-8C1B-4949-DF0A-F4BC50C84316}
		{8EF9450E-E91B-88AE-EBF4-8675B1F75DC8} = {2AB66451-78CF-B6E9-F41A-C5748FBF940D}
		{0C898A79-6A66-681F-3E96-8E1B97791405} = {2AB66451-78CF-B6E9-F41A-C5748FBF940D}
		{F91808F6-3357-1B69-C8CA-ADA6FE103690} = {29F4BB0C-D95E-14A7-766B-5B89C98C491A}
		{2F038D76-762D-D379-F5C6-EC7F46302CB0} = {29F4BB0C-D95E-14A7-766B-5B89C98C491A}
		{DCD1B391-5C64-7C27-A312-99C20DD5173B} = {DD3EE653-2CFD-F3F5-E8E0-577DCC3A9BFB}
		{686849D6-0966-98F6-8A16-8540D47755E3} = {3B32DF4C-B2AC-B64A-4433-D8465E78DE98}
		{84791302-FF3A-7CE7-206D-04ED17B7EB88} = {3B32DF4C-B2AC-B64A-4433-D8465E78DE98}
		{1F31B0F2-E8B2-4452-3E47-D46EB326E4F0} = {2FC76B3C-C2B2-311B-E995-259E396B9CCE}
		{202C5E5D-F241-9A25-7FBC-494EBEF4D9A6} = {BCA60767-F19B-74CD-B58C-80333DD488D8}
		{3ED2CA56-F0B6-356D-FDED-FB345BE114A3} = {BCA60767-F19B-74CD-B58C-80333DD488D8}
		{1B96F892-82C9-1DDF-AA5C-29092F83E753} = {A1906B8F-F1C5-AE85-2193-7D3255236DE6}
		{29C28E36-9373-C9F4-607F-913608EBC243} = {A1906B8F-F1C5-AE85-2193-7D3255236DE6}
	EndGlobalSection
	GlobalSection(ExtensibilityGlobals) = postSolution
		SolutionGuid = {04B0F71B-E781-47AF-97FD-96A44C013665}
	EndGlobalSection
EndGlobal
