Microsoft Visual Studio Solution File, Format Version 12.00
# Visual Studio Version 17
VisualStudioVersion = 17.5.2.0
MinimumVisualStudioVersion = 10.0.40219.1
Project("{FAE04EC0-301F-11D3-BF4B-00C04F79EFBC}") = "JobPortalAPI", "JobPortalAPI\JobPortalAPI.csproj", "{A5AC66A8-1DF6-3BB9-6303-526E82EE1179}"
EndProject
Project("{FAE04EC0-301F-11D3-BF4B-00C04F79EFBC}") = "JobPortalAPI.Test", "JobPortalAPI.Test\JobPortalAPI.Test.csproj", "{27BB1D21-EBAB-BD8A-BC72-93F3BC1C58DF}"
EndProject
Global
	GlobalSection(SolutionConfigurationPlatforms) = preSolution
		Debug|Any CPU = Debug|Any CPU
		Release|Any CPU = Release|Any CPU
	EndGlobalSection
	GlobalSection(ProjectConfigurationPlatforms) = postSolution
		{A5AC66A8-1DF6-3BB9-6303-526E82EE1179}.Debug|Any CPU.ActiveCfg = Debug|Any CPU
		{A5AC66A8-1DF6-3BB9-6303-526E82EE1179}.Debug|Any CPU.Build.0 = Debug|Any CPU
		{A5AC66A8-1DF6-3BB9-6303-526E82EE1179}.Release|Any CPU.ActiveCfg = Release|Any CPU
		{A5AC66A8-1DF6-3BB9-6303-526E82EE1179}.Release|Any CPU.Build.0 = Release|Any CPU
		{27BB1D21-EBAB-BD8A-BC72-93F3BC1C58DF}.Debug|Any CPU.ActiveCfg = Debug|Any CPU
		{27BB1D21-EBAB-BD8A-BC72-93F3BC1C58DF}.Debug|Any CPU.Build.0 = Debug|Any CPU
		{27BB1D21-EBAB-BD8A-BC72-93F3BC1C58DF}.Release|Any CPU.ActiveCfg = Release|Any CPU
		{27BB1D21-EBAB-BD8A-BC72-93F3BC1C58DF}.Release|Any CPU.Build.0 = Release|Any CPU
	EndGlobalSection
	GlobalSection(SolutionProperties) = preSolution
		HideSolutionNode = FALSE
	EndGlobalSection
	GlobalSection(ExtensibilityGlobals) = postSolution
		SolutionGuid = {6420F3C3-4216-4ED7-9D6C-5E20D9612E79}
	EndGlobalSection
EndGlobal
